// !$*UTF8*$!
{
	archiveVersion = 1;
	classes = {
	};
	objectVersion = 50;
	objects = {

/* Begin PBXBuildFile section */
		991806F42376D98300222F0D /* AppDelegate.swift in Sources */ = {isa = PBXBuildFile; fileRef = 991806F32376D98300222F0D /* AppDelegate.swift */; };
		991806F62376D98300222F0D /* SceneDelegate.swift in Sources */ = {isa = PBXBuildFile; fileRef = 991806F52376D98300222F0D /* SceneDelegate.swift */; };
		991806F82376D98300222F0D /* ViewController.swift in Sources */ = {isa = PBXBuildFile; fileRef = 991806F72376D98300222F0D /* ViewController.swift */; };
		991806FB2376D98300222F0D /* Main.storyboard in Resources */ = {isa = PBXBuildFile; fileRef = 991806F92376D98300222F0D /* Main.storyboard */; };
		991806FD2376D98500222F0D /* Assets.xcassets in Resources */ = {isa = PBXBuildFile; fileRef = 991806FC2376D98500222F0D /* Assets.xcassets */; };
		991807002376D98500222F0D /* LaunchScreen.storyboard in Resources */ = {isa = PBXBuildFile; fileRef = 991806FE2376D98500222F0D /* LaunchScreen.storyboard */; };
		9918070B2376D98500222F0D /* demoMagnetTests.swift in Sources */ = {isa = PBXBuildFile; fileRef = 9918070A2376D98500222F0D /* demoMagnetTests.swift */; };
/* End PBXBuildFile section */

/* Begin PBXContainerItemProxy section */
		991807072376D98500222F0D /* PBXContainerItemProxy */ = {
			isa = PBXContainerItemProxy;
			containerPortal = 991806E82376D98300222F0D /* Project object */;
			proxyType = 1;
			remoteGlobalIDString = 991806EF2376D98300222F0D;
			remoteInfo = demoMagnet;
		};
/* End PBXContainerItemProxy section */

/* Begin PBXFileReference section */
		991806F02376D98300222F0D /* demoMagnet.app */ = {isa = PBXFileReference; explicitFileType = wrapper.application; includeInIndex = 0; path = demoMagnet.app; sourceTree = BUILT_PRODUCTS_DIR; };
		991806F32376D98300222F0D /* AppDelegate.swift */ = {isa = PBXFileReference; lastKnownFileType = sourcecode.swift; path = AppDelegate.swift; sourceTree = "<group>"; };
		991806F52376D98300222F0D /* SceneDelegate.swift */ = {isa = PBXFileReference; lastKnownFileType = sourcecode.swift; path = SceneDelegate.swift; sourceTree = "<group>"; };
		991806F72376D98300222F0D /* ViewController.swift */ = {isa = PBXFileReference; lastKnownFileType = sourcecode.swift; path = ViewController.swift; sourceTree = "<group>"; };
		991806FA2376D98300222F0D /* Base */ = {isa = PBXFileReference; lastKnownFileType = file.storyboard; name = Base; path = Base.lproj/Main.storyboard; sourceTree = "<group>"; };
		991806FC2376D98500222F0D /* Assets.xcassets */ = {isa = PBXFileReference; lastKnownFileType = folder.assetcatalog; path = Assets.xcassets; sourceTree = "<group>"; };
		991806FF2376D98500222F0D /* Base */ = {isa = PBXFileReference; lastKnownFileType = file.storyboard; name = Base; path = Base.lproj/LaunchScreen.storyboard; sourceTree = "<group>"; };
		991807012376D98500222F0D /* Info.plist */ = {isa = PBXFileReference; lastKnownFileType = text.plist.xml; path = Info.plist; sourceTree = "<group>"; };
		991807062376D98500222F0D /* demoMagnetTests.xctest */ = {isa = PBXFileReference; explicitFileType = wrapper.cfbundle; includeInIndex = 0; path = demoMagnetTests.xctest; sourceTree = BUILT_PRODUCTS_DIR; };
		9918070A2376D98500222F0D /* demoMagnetTests.swift */ = {isa = PBXFileReference; lastKnownFileType = sourcecode.swift; path = demoMagnetTests.swift; sourceTree = "<group>"; };
		9918070C2376D98500222F0D /* Info.plist */ = {isa = PBXFileReference; lastKnownFileType = text.plist.xml; path = Info.plist; sourceTree = "<group>"; };
/* End PBXFileReference section */

/* Begin PBXFrameworksBuildPhase section */
		991806ED2376D98300222F0D /* Frameworks */ = {
			isa = PBXFrameworksBuildPhase;
			buildActionMask = 2147483647;
			files = (
			);
			runOnlyForDeploymentPostprocessing = 0;
		};
		991807032376D98500222F0D /* Frameworks */ = {
			isa = PBXFrameworksBuildPhase;
			buildActionMask = 2147483647;
			files = (
			);
			runOnlyForDeploymentPostprocessing = 0;
		};
/* End PBXFrameworksBuildPhase section */

/* Begin PBXGroup section */
		991806E72376D98300222F0D = {
			isa = PBXGroup;
			children = (
				991806F22376D98300222F0D /* demoMagnet */,
				991807092376D98500222F0D /* demoMagnetTests */,
				991806F12376D98300222F0D /* Products */,
			);
			sourceTree = "<group>";
		};
		991806F12376D98300222F0D /* Products */ = {
			isa = PBXGroup;
			children = (
				991806F02376D98300222F0D /* demoMagnet.app */,
				991807062376D98500222F0D /* demoMagnetTests.xctest */,
			);
			name = Products;
			sourceTree = "<group>";
		};
		991806F22376D98300222F0D /* demoMagnet */ = {
			isa = PBXGroup;
			children = (
				991806F32376D98300222F0D /* AppDelegate.swift */,
				991806F52376D98300222F0D /* SceneDelegate.swift */,
				991806F72376D98300222F0D /* ViewController.swift */,
				991806F92376D98300222F0D /* Main.storyboard */,
				991806FC2376D98500222F0D /* Assets.xcassets */,
				991806FE2376D98500222F0D /* LaunchScreen.storyboard */,
				991807012376D98500222F0D /* Info.plist */,
			);
			path = demoMagnet;
			sourceTree = "<group>";
		};
		991807092376D98500222F0D /* demoMagnetTests */ = {
			isa = PBXGroup;
			children = (
				9918070A2376D98500222F0D /* demoMagnetTests.swift */,
				9918070C2376D98500222F0D /* Info.plist */,
			);
			path = demoMagnetTests;
			sourceTree = "<group>";
		};
/* End PBXGroup section */

/* Begin PBXNativeTarget section */
		991806EF2376D98300222F0D /* demoMagnet */ = {
			isa = PBXNativeTarget;
			buildConfigurationList = 9918070F2376D98500222F0D /* Build configuration list for PBXNativeTarget "demoMagnet" */;
			buildPhases = (
				991806EC2376D98300222F0D /* Sources */,
				991806ED2376D98300222F0D /* Frameworks */,
				991806EE2376D98300222F0D /* Resources */,
			);
			buildRules = (
			);
			dependencies = (
			);
			name = demoMagnet;
			productName = demoMagnet;
			productReference = 991806F02376D98300222F0D /* demoMagnet.app */;
			productType = "com.apple.product-type.application";
		};
		991807052376D98500222F0D /* demoMagnetTests */ = {
			isa = PBXNativeTarget;
			buildConfigurationList = 991807122376D98500222F0D /* Build configuration list for PBXNativeTarget "demoMagnetTests" */;
			buildPhases = (
				991807022376D98500222F0D /* Sources */,
				991807032376D98500222F0D /* Frameworks */,
				991807042376D98500222F0D /* Resources */,
			);
			buildRules = (
			);
			dependencies = (
				991807082376D98500222F0D /* PBXTargetDependency */,
			);
			name = demoMagnetTests;
			productName = demoMagnetTests;
			productReference = 991807062376D98500222F0D /* demoMagnetTests.xctest */;
			productType = "com.apple.product-type.bundle.unit-test";
		};
/* End PBXNativeTarget section */

/* Begin PBXProject section */
		991806E82376D98300222F0D /* Project object */ = {
			isa = PBXProject;
			attributes = {
				LastSwiftUpdateCheck = 1120;
				LastUpgradeCheck = 1120;
				ORGANIZATIONNAME = Nito;
				TargetAttributes = {
					991806EF2376D98300222F0D = {
						CreatedOnToolsVersion = 11.2;
					};
					991807052376D98500222F0D = {
						CreatedOnToolsVersion = 11.2;
						TestTargetID = 991806EF2376D98300222F0D;
					};
				};
			};
			buildConfigurationList = 991806EB2376D98300222F0D /* Build configuration list for PBXProject "demoMagnet" */;
			compatibilityVersion = "Xcode 9.3";
			developmentRegion = en;
			hasScannedForEncodings = 0;
			knownRegions = (
				en,
				Base,
			);
			mainGroup = 991806E72376D98300222F0D;
			productRefGroup = 991806F12376D98300222F0D /* Products */;
			projectDirPath = "";
			projectRoot = "";
			targets = (
				991806EF2376D98300222F0D /* demoMagnet */,
				991807052376D98500222F0D /* demoMagnetTests */,
			);
		};
/* End PBXProject section */

/* Begin PBXResourcesBuildPhase section */
		991806EE2376D98300222F0D /* Resources */ = {
			isa = PBXResourcesBuildPhase;
			buildActionMask = 2147483647;
			files = (
				991807002376D98500222F0D /* LaunchScreen.storyboard in Resources */,
				991806FD2376D98500222F0D /* Assets.xcassets in Resources */,
				991806FB2376D98300222F0D /* Main.storyboard in Resources */,
			);
			runOnlyForDeploymentPostprocessing = 0;
		};
		991807042376D98500222F0D /* Resources */ = {
			isa = PBXResourcesBuildPhase;
			buildActionMask = 2147483647;
			files = (
			);
			runOnlyForDeploymentPostprocessing = 0;
		};
/* End PBXResourcesBuildPhase section */

/* Begin PBXSourcesBuildPhase section */
		991806EC2376D98300222F0D /* Sources */ = {
			isa = PBXSourcesBuildPhase;
			buildActionMask = 2147483647;
			files = (
				991806F82376D98300222F0D /* ViewController.swift in Sources */,
				991806F42376D98300222F0D /* AppDelegate.swift in Sources */,
				991806F62376D98300222F0D /* SceneDelegate.swift in Sources */,
			);
			runOnlyForDeploymentPostprocessing = 0;
		};
		991807022376D98500222F0D /* Sources */ = {
			isa = PBXSourcesBuildPhase;
			buildActionMask = 2147483647;
			files = (
				9918070B2376D98500222F0D /* demoMagnetTests.swift in Sources */,
			);
			runOnlyForDeploymentPostprocessing = 0;
		};
/* End PBXSourcesBuildPhase section */

/* Begin PBXTargetDependency section */
		991807082376D98500222F0D /* PBXTargetDependency */ = {
			isa = PBXTargetDependency;
			target = 991806EF2376D98300222F0D /* demoMagnet */;
			targetProxy = 991807072376D98500222F0D /* PBXContainerItemProxy */;
		};
/* End PBXTargetDependency section */

/* Begin PBXVariantGroup section */
		991806F92376D98300222F0D /* Main.storyboard */ = {
			isa = PBXVariantGroup;
			children = (
				991806FA2376D98300222F0D /* Base */,
			);
			name = Main.storyboard;
			sourceTree = "<group>";
		};
		991806FE2376D98500222F0D /* LaunchScreen.storyboard */ = {
			isa = PBXVariantGroup;
			children = (
				991806FF2376D98500222F0D /* Base */,
			);
			name = LaunchScreen.storyboard;
			sourceTree = "<group>";
		};
/* End PBXVariantGroup section */

/* Begin XCBuildConfiguration section */
		9918070D2376D98500222F0D /* Debug */ = {
			isa = XCBuildConfiguration;
			buildSettings = {
				ALWAYS_SEARCH_USER_PATHS = NO;
				CLANG_ANALYZER_NONNULL = YES;
				CLANG_ANALYZER_NUMBER_OBJECT_CONVERSION = YES_AGGRESSIVE;
				CLANG_CXX_LANGUAGE_STANDARD = "gnu++14";
				CLANG_CXX_LIBRARY = "libc++";
				CLANG_ENABLE_MODULES = YES;
				CLANG_ENABLE_OBJC_ARC = YES;
				CLANG_ENABLE_OBJC_WEAK = YES;
				CLANG_WARN_BLOCK_CAPTURE_AUTORELEASING = YES;
				CLANG_WARN_BOOL_CONVERSION = YES;
				CLANG_WARN_COMMA = YES;
				CLANG_WARN_CONSTANT_CONVERSION = YES;
				CLANG_WARN_DEPRECATED_OBJC_IMPLEMENTATIONS = YES;
				CLANG_WARN_DIRECT_OBJC_ISA_USAGE = YES_ERROR;
				CLANG_WARN_DOCUMENTATION_COMMENTS = YES;
				CLANG_WARN_EMPTY_BODY = YES;
				CLANG_WARN_ENUM_CONVERSION = YES;
				CLANG_WARN_INFINITE_RECURSION = YES;
				CLANG_WARN_INT_CONVERSION = YES;
				CLANG_WARN_NON_LITERAL_NULL_CONVERSION = YES;
				CLANG_WARN_OBJC_IMPLICIT_RETAIN_SELF = YES;
				CLANG_WARN_OBJC_LITERAL_CONVERSION = YES;
				CLANG_WARN_OBJC_ROOT_CLASS = YES_ERROR;
				CLANG_WARN_RANGE_LOOP_ANALYSIS = YES;
				CLANG_WARN_STRICT_PROTOTYPES = YES;
				CLANG_WARN_SUSPICIOUS_MOVE = YES;
				CLANG_WARN_UNGUARDED_AVAILABILITY = YES_AGGRESSIVE;
				CLANG_WARN_UNREACHABLE_CODE = YES;
				CLANG_WARN__DUPLICATE_METHOD_MATCH = YES;
				COPY_PHASE_STRIP = NO;
				DEBUG_INFORMATION_FORMAT = dwarf;
				ENABLE_STRICT_OBJC_MSGSEND = YES;
				ENABLE_TESTABILITY = YES;
				GCC_C_LANGUAGE_STANDARD = gnu11;
				GCC_DYNAMIC_NO_PIC = NO;
				GCC_NO_COMMON_BLOCKS = YES;
				GCC_OPTIMIZATION_LEVEL = 0;
				GCC_PREPROCESSOR_DEFINITIONS = (
					"DEBUG=1",
					"$(inherited)",
				);
				GCC_WARN_64_TO_32_BIT_CONVERSION = YES;
				GCC_WARN_ABOUT_RETURN_TYPE = YES_ERROR;
				GCC_WARN_UNDECLARED_SELECTOR = YES;
				GCC_WARN_UNINITIALIZED_AUTOS = YES_AGGRESSIVE;
				GCC_WARN_UNUSED_FUNCTION = YES;
				GCC_WARN_UNUSED_VARIABLE = YES;
				IPHONEOS_DEPLOYMENT_TARGET = 13.2;
				MTL_ENABLE_DEBUG_INFO = INCLUDE_SOURCE;
				MTL_FAST_MATH = YES;
				ONLY_ACTIVE_ARCH = YES;
				SDKROOT = iphoneos;
				SWIFT_ACTIVE_COMPILATION_CONDITIONS = DEBUG;
				SWIFT_OPTIMIZATION_LEVEL = "-Onone";
			};
			name = Debug;
		};
		9918070E2376D98500222F0D /* Release */ = {
			isa = XCBuildConfiguration;
			buildSettings = {
				ALWAYS_SEARCH_USER_PATHS = NO;
				CLANG_ANALYZER_NONNULL = YES;
				CLANG_ANALYZER_NUMBER_OBJECT_CONVERSION = YES_AGGRESSIVE;
				CLANG_CXX_LANGUAGE_STANDARD = "gnu++14";
				CLANG_CXX_LIBRARY = "libc++";
				CLANG_ENABLE_MODULES = YES;
				CLANG_ENABLE_OBJC_ARC = YES;
				CLANG_ENABLE_OBJC_WEAK = YES;
				CLANG_WARN_BLOCK_CAPTURE_AUTORELEASING = YES;
				CLANG_WARN_BOOL_CONVERSION = YES;
				CLANG_WARN_COMMA = YES;
				CLANG_WARN_CONSTANT_CONVERSION = YES;
				CLANG_WARN_DEPRECATED_OBJC_IMPLEMENTATIONS = YES;
				CLANG_WARN_DIRECT_OBJC_ISA_USAGE = YES_ERROR;
				CLANG_WARN_DOCUMENTATION_COMMENTS = YES;
				CLANG_WARN_EMPTY_BODY = YES;
				CLANG_WARN_ENUM_CONVERSION = YES;
				CLANG_WARN_INFINITE_RECURSION = YES;
				CLANG_WARN_INT_CONVERSION = YES;
				CLANG_WARN_NON_LITERAL_NULL_CONVERSION = YES;
				CLANG_WARN_OBJC_IMPLICIT_RETAIN_SELF = YES;
				CLANG_WARN_OBJC_LITERAL_CONVERSION = YES;
				CLANG_WARN_OBJC_ROOT_CLASS = YES_ERROR;
				CLANG_WARN_RANGE_LOOP_ANALYSIS = YES;
				CLANG_WARN_STRICT_PROTOTYPES = YES;
				CLANG_WARN_SUSPICIOUS_MOVE = YES;
				CLANG_WARN_UNGUARDED_AVAILABILITY = YES_AGGRESSIVE;
				CLANG_WARN_UNREACHABLE_CODE = YES;
				CLANG_WARN__DUPLICATE_METHOD_MATCH = YES;
				COPY_PHASE_STRIP = NO;
				DEBUG_INFORMATION_FORMAT = "dwarf-with-dsym";
				ENABLE_NS_ASSERTIONS = NO;
				ENABLE_STRICT_OBJC_MSGSEND = YES;
				GCC_C_LANGUAGE_STANDARD = gnu11;
				GCC_NO_COMMON_BLOCKS = YES;
				GCC_WARN_64_TO_32_BIT_CONVERSION = YES;
				GCC_WARN_ABOUT_RETURN_TYPE = YES_ERROR;
				GCC_WARN_UNDECLARED_SELECTOR = YES;
				GCC_WARN_UNINITIALIZED_AUTOS = YES_AGGRESSIVE;
				GCC_WARN_UNUSED_FUNCTION = YES;
				GCC_WARN_UNUSED_VARIABLE = YES;
				IPHONEOS_DEPLOYMENT_TARGET = 13.2;
				MTL_ENABLE_DEBUG_INFO = NO;
				MTL_FAST_MATH = YES;
				SDKROOT = iphoneos;
				SWIFT_COMPILATION_MODE = wholemodule;
				SWIFT_OPTIMIZATION_LEVEL = "-O";
				VALIDATE_PRODUCT = YES;
			};
			name = Release;
		};
		991807102376D98500222F0D /* Debug */ = {
			isa = XCBuildConfiguration;
			buildSettings = {
				ASSETCATALOG_COMPILER_APPICON_NAME = AppIcon;
				CODE_SIGN_STYLE = Automatic;
				INFOPLIST_FILE = demoMagnet/Info.plist;
				LD_RUNPATH_SEARCH_PATHS = (
					"$(inherited)",
					"@executable_path/Frameworks",
				);
				PRODUCT_BUNDLE_IDENTIFIER = com.Nito.demoMagnet;
				PRODUCT_NAME = "$(TARGET_NAME)";
				SWIFT_VERSION = 5.0;
				TARGETED_DEVICE_FAMILY = "1,2";
			};
			name = Debug;
		};
		991807112376D98500222F0D /* Release */ = {
			isa = XCBuildConfiguration;
			buildSettings = {
				ASSETCATALOG_COMPILER_APPICON_NAME = AppIcon;
				CODE_SIGN_STYLE = Automatic;
				INFOPLIST_FILE = demoMagnet/Info.plist;
				LD_RUNPATH_SEARCH_PATHS = (
					"$(inherited)",
					"@executable_path/Frameworks",
				);
				PRODUCT_BUNDLE_IDENTIFIER = com.Nito.demoMagnet;
				PRODUCT_NAME = "$(TARGET_NAME)";
				SWIFT_VERSION = 5.0;
				TARGETED_DEVICE_FAMILY = "1,2";
			};
			name = Release;
		};
		991807132376D98500222F0D /* Debug */ = {
			isa = XCBuildConfiguration;
			buildSettings = {
				ALWAYS_EMBED_SWIFT_STANDARD_LIBRARIES = YES;
				BUNDLE_LOADER = "$(TEST_HOST)";
				CODE_SIGN_STYLE = Automatic;
				INFOPLIST_FILE = demoMagnetTests/Info.plist;
				IPHONEOS_DEPLOYMENT_TARGET = 13.2;
				LD_RUNPATH_SEARCH_PATHS = (
					"$(inherited)",
					"@executable_path/Frameworks",
					"@loader_path/Frameworks",
				);
				PRODUCT_BUNDLE_IDENTIFIER = com.Nito.demoMagnetTests;
				PRODUCT_NAME = "$(TARGET_NAME)";
				SWIFT_VERSION = 5.0;
				TARGETED_DEVICE_FAMILY = "1,2";
				TEST_HOST = "$(BUILT_PRODUCTS_DIR)/demoMagnet.app/demoMagnet";
			};
			name = Debug;
		};
		991807142376D98500222F0D /* Release */ = {
			isa = XCBuildConfiguration;
			buildSettings = {
				ALWAYS_EMBED_SWIFT_STANDARD_LIBRARIES = YES;
				BUNDLE_LOADER = "$(TEST_HOST)";
				CODE_SIGN_STYLE = Automatic;
				INFOPLIST_FILE = demoMagnetTests/Info.plist;
				IPHONEOS_DEPLOYMENT_TARGET = 13.2;
				LD_RUNPATH_SEARCH_PATHS = (
					"$(inherited)",
					"@executable_path/Frameworks",
					"@loader_path/Frameworks",
				);
				PRODUCT_BUNDLE_IDENTIFIER = com.Nito.demoMagnetTests;
				PRODUCT_NAME = "$(TARGET_NAME)";
				SWIFT_VERSION = 5.0;
				TARGETED_DEVICE_FAMILY = "1,2";
				TEST_HOST = "$(BUILT_PRODUCTS_DIR)/demoMagnet.app/demoMagnet";
			};
			name = Release;
		};
/* End XCBuildConfiguration section */

/* Begin XCConfigurationList section */
		991806EB2376D98300222F0D /* Build configuration list for PBXProject "demoMagnet" */ = {
			isa = XCConfigurationList;
			buildConfigurations = (
				9918070D2376D98500222F0D /* Debug */,
				9918070E2376D98500222F0D /* Release */,
			);
			defaultConfigurationIsVisible = 0;
			defaultConfigurationName = Release;
		};
		9918070F2376D98500222F0D /* Build configuration list for PBXNativeTarget "demoMagnet" */ = {
			isa = XCConfigurationList;
			buildConfigurations = (
				991807102376D98500222F0D /* Debug */,
				991807112376D98500222F0D /* Release */,
			);
			defaultConfigurationIsVisible = 0;
			defaultConfigurationName = Release;
		};
		991807122376D98500222F0D /* Build configuration list for PBXNativeTarget "demoMagnetTests" */ = {
			isa = XCConfigurationList;
			buildConfigurations = (
				991807132376D98500222F0D /* Debug */,
				991807142376D98500222F0D /* Release */,
			);
			defaultConfigurationIsVisible = 0;
			defaultConfigurationName = Release;
		};
/* End XCConfigurationList section */
	};
	rootObject = 991806E82376D98300222F0D /* Project object */;
}
